PODS:
  - Flutter (1.0.0)
  - flutter_zebra_rfid (0.0.1):
    - Flutter
    - flutter_zebra_rfid/symbolrfid-sdk (= 0.0.1)
  - flutter_zebra_rfid/symbolrfid-sdk (0.0.1):
    - Flutter

DEPENDENCIES:
  - Flutter (from `Flutter`)
  - flutter_zebra_rfid (from `.symlinks/plugins/flutter_zebra_rfid/ios`)

EXTERNAL SOURCES:
  Flutter:
    :path: Flutter
  flutter_zebra_rfid:
    :path: ".symlinks/plugins/flutter_zebra_rfid/ios"

SPEC CHECKSUMS:
  Flutter: f04841e97a9d0b0a8025694d0796dd46242b2854
  flutter_zebra_rfid: 920ef06d7123751f424f81a615ce32f9170748f9

PODFILE CHECKSUM: 3b0d96f5ab011f21a793153e3b3f2fc3f9759613

COCOAPODS: 1.12.1
